
Microsoft Visual Studio Solution File, Format Version 12.00
# Visual Studio Version 17
VisualStudioVersion = 17.2.32602.215
MinimumVisualStudioVersion = 10.0.40219.1
Project("{9A19103F-16F7-4668-BE54-9A1E7A4F7556}") = "Syntax.Core", "Syntax.Core\Syntax.Core.csproj", "{7033CACA-8540-47F1-95FD-7CE7F1F25CFA}"
EndProject
Project("{9A19103F-16F7-4668-BE54-9A1E7A4F7556}") = "Syntax.Tests", "Syntax.Tests\Syntax.Tests.csproj", "{E4C12954-31A2-46F1-B43A-4B20CA5F8994}"
EndProject
Project("{9A19103F-16F7-4668-BE54-9A1E7A4F7556}") = "Syntax.API", "Syntax.API\Syntax.API.csproj", "{DD3EE73F-E512-4EE0-8A68-9326C0F0F60D}"
EndProject
Global
	GlobalSection(SolutionConfigurationPlatforms) = preSolution
		Debug|Any CPU = Debug|Any CPU
		Release|Any CPU = Release|Any CPU
	EndGlobalSection
	GlobalSection(ProjectConfigurationPlatforms) = postSolution
		{7033CACA-8540-47F1-95FD-7CE7F1F25CFA}.Debug|Any CPU.ActiveCfg = Debug|Any CPU
		{7033CACA-8540-47F1-95FD-7CE7F1F25CFA}.Debug|Any CPU.Build.0 = Debug|Any CPU
		{7033CACA-8540-47F1-95FD-7CE7F1F25CFA}.Release|Any CPU.ActiveCfg = Release|Any CPU
		{7033CACA-8540-47F1-95FD-7CE7F1F25CFA}.Release|Any CPU.Build.0 = Release|Any CPU
		{E4C12954-31A2-46F1-B43A-4B20CA5F8994}.Debug|Any CPU.ActiveCfg = Debug|Any CPU
		{E4C12954-31A2-46F1-B43A-4B20CA5F8994}.Debug|Any CPU.Build.0 = Debug|Any CPU
		{E4C12954-31A2-46F1-B43A-4B20CA5F8994}.Release|Any CPU.ActiveCfg = Release|Any CPU
		{E4C12954-31A2-46F1-B43A-4B20CA5F8994}.Release|Any CPU.Build.0 = Release|Any CPU
		{DD3EE73F-E512-4EE0-8A68-9326C0F0F60D}.Debug|Any CPU.ActiveCfg = Debug|Any CPU
		{DD3EE73F-E512-4EE0-8A68-9326C0F0F60D}.Debug|Any CPU.Build.0 = Debug|Any CPU
		{DD3EE73F-E512-4EE0-8A68-9326C0F0F60D}.Release|Any CPU.ActiveCfg = Release|Any CPU
		{DD3EE73F-E512-4EE0-8A68-9326C0F0F60D}.Release|Any CPU.Build.0 = Release|Any CPU
	EndGlobalSection
	GlobalSection(SolutionProperties) = preSolution
		HideSolutionNode = FALSE
	EndGlobalSection
	GlobalSection(ExtensibilityGlobals) = postSolution
		SolutionGuid = {40DD92E4-B154-4B0C-961F-05151D2A302A}
	EndGlobalSection
EndGlobal
